// !$*UTF8*$!
{
	archiveVersion = 1;
	classes = {
	};
	objectVersion = 50;
	objects = {

/* Begin PBXBuildFile section */
		D5059EA32472CE1B005A1013 /* AppDelegate.swift in Sources */ = {isa = PBXBuildFile; fileRef = D5059EA22472CE1B005A1013 /* AppDelegate.swift */; };
		D5059EA52472CE1B005A1013 /* SceneDelegate.swift in Sources */ = {isa = PBXBuildFile; fileRef = D5059EA42472CE1B005A1013 /* SceneDelegate.swift */; };
		D5059EA82472CE1B005A1013 /* todo_s2.xcdatamodeld in Sources */ = {isa = PBXBuildFile; fileRef = D5059EA62472CE1B005A1013 /* todo_s2.xcdatamodeld */; };
		D5059EAA2472CE1B005A1013 /* ContentView.swift in Sources */ = {isa = PBXBuildFile; fileRef = D5059EA92472CE1B005A1013 /* ContentView.swift */; };
		D5059EAC2472CE1B005A1013 /* Assets.xcassets in Resources */ = {isa = PBXBuildFile; fileRef = D5059EAB2472CE1B005A1013 /* Assets.xcassets */; };
		D5059EAF2472CE1B005A1013 /* Preview Assets.xcassets in Resources */ = {isa = PBXBuildFile; fileRef = D5059EAE2472CE1B005A1013 /* Preview Assets.xcassets */; };
		D5059EB22472CE1B005A1013 /* LaunchScreen.storyboard in Resources */ = {isa = PBXBuildFile; fileRef = D5059EB02472CE1B005A1013 /* LaunchScreen.storyboard */; };
		D5059EBA2472CEA7005A1013 /* Task+Extensions.swift in Sources */ = {isa = PBXBuildFile; fileRef = D5059EB92472CEA7005A1013 /* Task+Extensions.swift */; };
/* End PBXBuildFile section */

/* Begin PBXFileReference section */
		D5059E9F2472CE1B005A1013 /* todo_s2.app */ = {isa = PBXFileReference; explicitFileType = wrapper.application; includeInIndex = 0; path = todo_s2.app; sourceTree = BUILT_PRODUCTS_DIR; };
		D5059EA22472CE1B005A1013 /* AppDelegate.swift */ = {isa = PBXFileReference; lastKnownFileType = sourcecode.swift; path = AppDelegate.swift; sourceTree = "<group>"; };
		D5059EA42472CE1B005A1013 /* SceneDelegate.swift */ = {isa = PBXFileReference; lastKnownFileType = sourcecode.swift; path = SceneDelegate.swift; sourceTree = "<group>"; };
		D5059EA72472CE1B005A1013 /* todo_s2.xcdatamodel */ = {isa = PBXFileReference; lastKnownFileType = wrapper.xcdatamodel; path = todo_s2.xcdatamodel; sourceTree = "<group>"; };
		D5059EA92472CE1B005A1013 /* ContentView.swift */ = {isa = PBXFileReference; lastKnownFileType = sourcecode.swift; path = ContentView.swift; sourceTree = "<group>"; };
		D5059EAB2472CE1B005A1013 /* Assets.xcassets */ = {isa = PBXFileReference; lastKnownFileType = folder.assetcatalog; path = Assets.xcassets; sourceTree = "<group>"; };
		D5059EAE2472CE1B005A1013 /* Preview Assets.xcassets */ = {isa = PBXFileReference; lastKnownFileType = folder.assetcatalog; path = "Preview Assets.xcassets"; sourceTree = "<group>"; };
		D5059EB12472CE1B005A1013 /* Base */ = {isa = PBXFileReference; lastKnownFileType = file.storyboard; name = Base; path = Base.lproj/LaunchScreen.storyboard; sourceTree = "<group>"; };
		D5059EB32472CE1B005A1013 /* Info.plist */ = {isa = PBXFileReference; lastKnownFileType = text.plist.xml; path = Info.plist; sourceTree = "<group>"; };
		D5059EB92472CEA7005A1013 /* Task+Extensions.swift */ = {isa = PBXFileReference; lastKnownFileType = sourcecode.swift; path = "Task+Extensions.swift"; sourceTree = "<group>"; };
/* End PBXFileReference section */

/* Begin PBXFrameworksBuildPhase section */
		D5059E9C2472CE1B005A1013 /* Frameworks */ = {
			isa = PBXFrameworksBuildPhase;
			buildActionMask = 2147483647;
			files = (
			);
			runOnlyForDeploymentPostprocessing = 0;
		};
/* End PBXFrameworksBuildPhase section */

/* Begin PBXGroup section */
		D5059E962472CE1B005A1013 = {
			isa = PBXGroup;
			children = (
				D5059EA12472CE1B005A1013 /* todo_s2 */,
				D5059EA02472CE1B005A1013 /* Products */,
			);
			sourceTree = "<group>";
		};
		D5059EA02472CE1B005A1013 /* Products */ = {
			isa = PBXGroup;
			children = (
				D5059E9F2472CE1B005A1013 /* todo_s2.app */,
			);
			name = Products;
			sourceTree = "<group>";
		};
		D5059EA12472CE1B005A1013 /* todo_s2 */ = {
			isa = PBXGroup;
			children = (
				D5059EA22472CE1B005A1013 /* AppDelegate.swift */,
				D5059EA42472CE1B005A1013 /* SceneDelegate.swift */,
				D5059EA92472CE1B005A1013 /* ContentView.swift */,
				D5059EAB2472CE1B005A1013 /* Assets.xcassets */,
				D5059EB02472CE1B005A1013 /* LaunchScreen.storyboard */,
				D5059EB32472CE1B005A1013 /* Info.plist */,
				D5059EA62472CE1B005A1013 /* todo_s2.xcdatamodeld */,
				D5059EAD2472CE1B005A1013 /* Preview Content */,
				D5059EB92472CEA7005A1013 /* Task+Extensions.swift */,
			);
			path = todo_s2;
			sourceTree = "<group>";
		};
		D5059EAD2472CE1B005A1013 /* Preview Content */ = {
			isa = PBXGroup;
			children = (
				D5059EAE2472CE1B005A1013 /* Preview Assets.xcassets */,
			);
			path = "Preview Content";
			sourceTree = "<group>";
		};
/* End PBXGroup section */

/* Begin PBXNativeTarget section */
		D5059E9E2472CE1B005A1013 /* todo_s2 */ = {
			isa = PBXNativeTarget;
			buildConfigurationList = D5059EB62472CE1B005A1013 /* Build configuration list for PBXNativeTarget "todo_s2" */;
			buildPhases = (
				D5059E9B2472CE1B005A1013 /* Sources */,
				D5059E9C2472CE1B005A1013 /* Frameworks */,
				D5059E9D2472CE1B005A1013 /* Resources */,
			);
			buildRules = (
			);
			dependencies = (
			);
			name = todo_s2;
			productName = todo_s2;
			productReference = D5059E9F2472CE1B005A1013 /* todo_s2.app */;
			productType = "com.apple.product-type.application";
		};
/* End PBXNativeTarget section */

/* Begin PBXProject section */
		D5059E972472CE1B005A1013 /* Project object */ = {
			isa = PBXProject;
			attributes = {
				LastSwiftUpdateCheck = 1130;
				LastUpgradeCheck = 1130;
				ORGANIZATIONNAME = kute;
				TargetAttributes = {
					D5059E9E2472CE1B005A1013 = {
						CreatedOnToolsVersion = 11.3;
					};
				};
			};
			buildConfigurationList = D5059E9A2472CE1B005A1013 /* Build configuration list for PBXProject "todo_s2" */;
			compatibilityVersion = "Xcode 9.3";
			developmentRegion = en;
			hasScannedForEncodings = 0;
			knownRegions = (
				en,
				Base,
			);
			mainGroup = D5059E962472CE1B005A1013;
			productRefGroup = D5059EA02472CE1B005A1013 /* Products */;
			projectDirPath = "";
			projectRoot = "";
			targets = (
				D5059E9E2472CE1B005A1013 /* todo_s2 */,
			);
		};
/* End PBXProject section */

/* Begin PBXResourcesBuildPhase section */
		D5059E9D2472CE1B005A1013 /* Resources */ = {
			isa = PBXResourcesBuildPhase;
			buildActionMask = 2147483647;
			files = (
				D5059EB22472CE1B005A1013 /* LaunchScreen.storyboard in Resources */,
				D5059EAF2472CE1B005A1013 /* Preview Assets.xcassets in Resources */,
				D5059EAC2472CE1B005A1013 /* Assets.xcassets in Resources */,
			);
			runOnlyForDeploymentPostprocessing = 0;
		};
/* End PBXResourcesBuildPhase section */

/* Begin PBXSourcesBuildPhase section */
		D5059E9B2472CE1B005A1013 /* Sources */ = {
			isa = PBXSourcesBuildPhase;
			buildActionMask = 2147483647;
			files = (
				D5059EA82472CE1B005A1013 /* todo_s2.xcdatamodeld in Sources */,
				D5059EA32472CE1B005A1013 /* AppDelegate.swift in Sources */,
				D5059EBA2472CEA7005A1013 /* Task+Extensions.swift in Sources */,
				D5059EAA2472CE1B005A1013 /* ContentView.swift in Sources */,
				D5059EA52472CE1B005A1013 /* SceneDelegate.swift in Sources */,
			);
			runOnlyForDeploymentPostprocessing = 0;
		};
/* End PBXSourcesBuildPhase section */

/* Begin PBXVariantGroup section */
		D5059EB02472CE1B005A1013 /* LaunchScreen.storyboard */ = {
			isa = PBXVariantGroup;
			children = (
				D5059EB12472CE1B005A1013 /* Base */,
			);
			name = LaunchScreen.storyboard;
			sourceTree = "<group>";
		};
/* End PBXVariantGroup section */

/* Begin XCBuildConfiguration section */
		D5059EB42472CE1B005A1013 /* Debug */ = {
			isa = XCBuildConfiguration;
			buildSettings = {
				ALWAYS_SEARCH_USER_PATHS = NO;
				CLANG_ANALYZER_NONNULL = YES;
				CLANG_ANALYZER_NUMBER_OBJECT_CONVERSION = YES_AGGRESSIVE;
				CLANG_CXX_LANGUAGE_STANDARD = "gnu++14";
				CLANG_CXX_LIBRARY = "libc++";
				CLANG_ENABLE_MODULES = YES;
				CLANG_ENABLE_OBJC_ARC = YES;
				CLANG_ENABLE_OBJC_WEAK = YES;
				CLANG_WARN_BLOCK_CAPTURE_AUTORELEASING = YES;
				CLANG_WARN_BOOL_CONVERSION = YES;
				CLANG_WARN_COMMA = YES;
				CLANG_WARN_CONSTANT_CONVERSION = YES;
				CLANG_WARN_DEPRECATED_OBJC_IMPLEMENTATIONS = YES;
				CLANG_WARN_DIRECT_OBJC_ISA_USAGE = YES_ERROR;
				CLANG_WARN_DOCUMENTATION_COMMENTS = YES;
				CLANG_WARN_EMPTY_BODY = YES;
				CLANG_WARN_ENUM_CONVERSION = YES;
				CLANG_WARN_INFINITE_RECURSION = YES;
				CLANG_WARN_INT_CONVERSION = YES;
				CLANG_WARN_NON_LITERAL_NULL_CONVERSION = YES;
				CLANG_WARN_OBJC_IMPLICIT_RETAIN_SELF = YES;
				CLANG_WARN_OBJC_LITERAL_CONVERSION = YES;
				CLANG_WARN_OBJC_ROOT_CLASS = YES_ERROR;
				CLANG_WARN_RANGE_LOOP_ANALYSIS = YES;
				CLANG_WARN_STRICT_PROTOTYPES = YES;
				CLANG_WARN_SUSPICIOUS_MOVE = YES;
				CLANG_WARN_UNGUARDED_AVAILABILITY = YES_AGGRESSIVE;
				CLANG_WARN_UNREACHABLE_CODE = YES;
				CLANG_WARN__DUPLICATE_METHOD_MATCH = YES;
				COPY_PHASE_STRIP = NO;
				DEBUG_INFORMATION_FORMAT = dwarf;
				ENABLE_STRICT_OBJC_MSGSEND = YES;
				ENABLE_TESTABILITY = YES;
				GCC_C_LANGUAGE_STANDARD = gnu11;
				GCC_DYNAMIC_NO_PIC = NO;
				GCC_NO_COMMON_BLOCKS = YES;
				GCC_OPTIMIZATION_LEVEL = 0;
				GCC_PREPROCESSOR_DEFINITIONS = (
					"DEBUG=1",
					"$(inherited)",
				);
				GCC_WARN_64_TO_32_BIT_CONVERSION = YES;
				GCC_WARN_ABOUT_RETURN_TYPE = YES_ERROR;
				GCC_WARN_UNDECLARED_SELECTOR = YES;
				GCC_WARN_UNINITIALIZED_AUTOS = YES_AGGRESSIVE;
				GCC_WARN_UNUSED_FUNCTION = YES;
				GCC_WARN_UNUSED_VARIABLE = YES;
				IPHONEOS_DEPLOYMENT_TARGET = 13.2;
				MTL_ENABLE_DEBUG_INFO = INCLUDE_SOURCE;
				MTL_FAST_MATH = YES;
				ONLY_ACTIVE_ARCH = YES;
				SDKROOT = iphoneos;
				SWIFT_ACTIVE_COMPILATION_CONDITIONS = DEBUG;
				SWIFT_OPTIMIZATION_LEVEL = "-Onone";
			};
			name = Debug;
		};
		D5059EB52472CE1B005A1013 /* Release */ = {
			isa = XCBuildConfiguration;
			buildSettings = {
				ALWAYS_SEARCH_USER_PATHS = NO;
				CLANG_ANALYZER_NONNULL = YES;
				CLANG_ANALYZER_NUMBER_OBJECT_CONVERSION = YES_AGGRESSIVE;
				CLANG_CXX_LANGUAGE_STANDARD = "gnu++14";
				CLANG_CXX_LIBRARY = "libc++";
				CLANG_ENABLE_MODULES = YES;
				CLANG_ENABLE_OBJC_ARC = YES;
				CLANG_ENABLE_OBJC_WEAK = YES;
				CLANG_WARN_BLOCK_CAPTURE_AUTORELEASING = YES;
				CLANG_WARN_BOOL_CONVERSION = YES;
				CLANG_WARN_COMMA = YES;
				CLANG_WARN_CONSTANT_CONVERSION = YES;
				CLANG_WARN_DEPRECATED_OBJC_IMPLEMENTATIONS = YES;
				CLANG_WARN_DIRECT_OBJC_ISA_USAGE = YES_ERROR;
				CLANG_WARN_DOCUMENTATION_COMMENTS = YES;
				CLANG_WARN_EMPTY_BODY = YES;
				CLANG_WARN_ENUM_CONVERSION = YES;
				CLANG_WARN_INFINITE_RECURSION = YES;
				CLANG_WARN_INT_CONVERSION = YES;
				CLANG_WARN_NON_LITERAL_NULL_CONVERSION = YES;
				CLANG_WARN_OBJC_IMPLICIT_RETAIN_SELF = YES;
				CLANG_WARN_OBJC_LITERAL_CONVERSION = YES;
				CLANG_WARN_OBJC_ROOT_CLASS = YES_ERROR;
				CLANG_WARN_RANGE_LOOP_ANALYSIS = YES;
				CLANG_WARN_STRICT_PROTOTYPES = YES;
				CLANG_WARN_SUSPICIOUS_MOVE = YES;
				CLANG_WARN_UNGUARDED_AVAILABILITY = YES_AGGRESSIVE;
				CLANG_WARN_UNREACHABLE_CODE = YES;
				CLANG_WARN__DUPLICATE_METHOD_MATCH = YES;
				COPY_PHASE_STRIP = NO;
				DEBUG_INFORMATION_FORMAT = "dwarf-with-dsym";
				ENABLE_NS_ASSERTIONS = NO;
				ENABLE_STRICT_OBJC_MSGSEND = YES;
				GCC_C_LANGUAGE_STANDARD = gnu11;
				GCC_NO_COMMON_BLOCKS = YES;
				GCC_WARN_64_TO_32_BIT_CONVERSION = YES;
				GCC_WARN_ABOUT_RETURN_TYPE = YES_ERROR;
				GCC_WARN_UNDECLARED_SELECTOR = YES;
				GCC_WARN_UNINITIALIZED_AUTOS = YES_AGGRESSIVE;
				GCC_WARN_UNUSED_FUNCTION = YES;
				GCC_WARN_UNUSED_VARIABLE = YES;
				IPHONEOS_DEPLOYMENT_TARGET = 13.2;
				MTL_ENABLE_DEBUG_INFO = NO;
				MTL_FAST_MATH = YES;
				SDKROOT = iphoneos;
				SWIFT_COMPILATION_MODE = wholemodule;
				SWIFT_OPTIMIZATION_LEVEL = "-O";
				VALIDATE_PRODUCT = YES;
			};
			name = Release;
		};
		D5059EB72472CE1B005A1013 /* Debug */ = {
			isa = XCBuildConfiguration;
			buildSettings = {
				ASSETCATALOG_COMPILER_APPICON_NAME = AppIcon;
				CODE_SIGN_STYLE = Automatic;
				DEVELOPMENT_ASSET_PATHS = "\"todo_s2/Preview Content\"";
				DEVELOPMENT_TEAM = Y9HCGNMS37;
				ENABLE_PREVIEWS = YES;
				INFOPLIST_FILE = todo_s2/Info.plist;
				LD_RUNPATH_SEARCH_PATHS = (
					"$(inherited)",
					"@executable_path/Frameworks",
				);
				PRODUCT_BUNDLE_IDENTIFIER = "example.com.todo-s2";
				PRODUCT_NAME = "$(TARGET_NAME)";
				SWIFT_VERSION = 5.0;
				TARGETED_DEVICE_FAMILY = "1,2";
			};
			name = Debug;
		};
		D5059EB82472CE1B005A1013 /* Release */ = {
			isa = XCBuildConfiguration;
			buildSettings = {
				ASSETCATALOG_COMPILER_APPICON_NAME = AppIcon;
				CODE_SIGN_STYLE = Automatic;
				DEVELOPMENT_ASSET_PATHS = "\"todo_s2/Preview Content\"";
				DEVELOPMENT_TEAM = Y9HCGNMS37;
				ENABLE_PREVIEWS = YES;
				INFOPLIST_FILE = todo_s2/Info.plist;
				LD_RUNPATH_SEARCH_PATHS = (
					"$(inherited)",
					"@executable_path/Frameworks",
				);
				PRODUCT_BUNDLE_IDENTIFIER = "example.com.todo-s2";
				PRODUCT_NAME = "$(TARGET_NAME)";
				SWIFT_VERSION = 5.0;
				TARGETED_DEVICE_FAMILY = "1,2";
			};
			name = Release;
		};
/* End XCBuildConfiguration section */

/* Begin XCConfigurationList section */
		D5059E9A2472CE1B005A1013 /* Build configuration list for PBXProject "todo_s2" */ = {
			isa = XCConfigurationList;
			buildConfigurations = (
				D5059EB42472CE1B005A1013 /* Debug */,
				D5059EB52472CE1B005A1013 /* Release */,
			);
			defaultConfigurationIsVisible = 0;
			defaultConfigurationName = Release;
		};
		D5059EB62472CE1B005A1013 /* Build configuration list for PBXNativeTarget "todo_s2" */ = {
			isa = XCConfigurationList;
			buildConfigurations = (
				D5059EB72472CE1B005A1013 /* Debug */,
				D5059EB82472CE1B005A1013 /* Release */,
			);
			defaultConfigurationIsVisible = 0;
			defaultConfigurationName = Release;
		};
/* End XCConfigurationList section */

/* Begin XCVersionGroup section */
		D5059EA62472CE1B005A1013 /* todo_s2.xcdatamodeld */ = {
			isa = XCVersionGroup;
			children = (
				D5059EA72472CE1B005A1013 /* todo_s2.xcdatamodel */,
			);
			currentVersion = D5059EA72472CE1B005A1013 /* todo_s2.xcdatamodel */;
			path = todo_s2.xcdatamodeld;
			sourceTree = "<group>";
			versionGroupType = wrapper.xcdatamodel;
		};
/* End XCVersionGroup section */
	};
	rootObject = D5059E972472CE1B005A1013 /* Project object */;
}
